{
  "version": "2",
  "remote": {
    "https://deno.land/std@0.150.0/_util/assert.ts": "e94f2eb37cebd7f199952e242c77654e43333c1ac4c5c700e929ea3aa5489f74",
    "https://deno.land/std@0.150.0/_util/os.ts": "3b4c6e27febd119d36a416d7a97bd3b0251b77c88942c8f16ee5953ea13e2e49",
    "https://deno.land/std@0.150.0/path/_constants.ts": "df1db3ffa6dd6d1252cc9617e5d72165cd2483df90e93833e13580687b6083c3",
    "https://deno.land/std@0.150.0/path/_interface.ts": "ee3b431a336b80cf445441109d089b70d87d5e248f4f90ff906820889ecf8d09",
    "https://deno.land/std@0.150.0/path/_util.ts": "c1e9686d0164e29f7d880b2158971d805b6e0efc3110d0b3e24e4b8af2190d2b",
    "https://deno.land/std@0.150.0/path/common.ts": "bee563630abd2d97f99d83c96c2fa0cca7cee103e8cb4e7699ec4d5db7bd2633",
    "https://deno.land/std@0.150.0/path/glob.ts": "cb5255638de1048973c3e69e420c77dc04f75755524cb3b2e160fe9277d939ee",
    "https://deno.land/std@0.150.0/path/mod.ts": "4945b430b759b0b3d98f2a278542cbcf95e0ad2bd8eaaed3c67322b306b2b346",
    "https://deno.land/std@0.150.0/path/posix.ts": "c1f7afe274290ea0b51da07ee205653b2964bd74909a82deb07b69a6cc383aaa",
    "https://deno.land/std@0.150.0/path/separator.ts": "fe1816cb765a8068afb3e8f13ad272351c85cbc739af56dacfc7d93d710fe0f9",
    "https://deno.land/std@0.150.0/path/win32.ts": "bd7549042e37879c68ff2f8576a25950abbfca1d696d41d82c7bca0b7e6f452c",
    "https://deno.land/std@0.159.0/_util/assert.ts": "e94f2eb37cebd7f199952e242c77654e43333c1ac4c5c700e929ea3aa5489f74",
    "https://deno.land/std@0.159.0/_util/os.ts": "8a33345f74990e627b9dfe2de9b040004b08ea5146c7c9e8fe9a29070d193934",
    "https://deno.land/std@0.159.0/path/_constants.ts": "df1db3ffa6dd6d1252cc9617e5d72165cd2483df90e93833e13580687b6083c3",
    "https://deno.land/std@0.159.0/path/_interface.ts": "ee3b431a336b80cf445441109d089b70d87d5e248f4f90ff906820889ecf8d09",
    "https://deno.land/std@0.159.0/path/_util.ts": "d16be2a16e1204b65f9d0dfc54a9bc472cafe5f4a190b3c8471ec2016ccd1677",
    "https://deno.land/std@0.159.0/path/common.ts": "bee563630abd2d97f99d83c96c2fa0cca7cee103e8cb4e7699ec4d5db7bd2633",
    "https://deno.land/std@0.159.0/path/glob.ts": "cb5255638de1048973c3e69e420c77dc04f75755524cb3b2e160fe9277d939ee",
    "https://deno.land/std@0.159.0/path/mod.ts": "56fec03ad0ebd61b6ab39ddb9b0ddb4c4a5c9f2f4f632e09dd37ec9ebfd722ac",
    "https://deno.land/std@0.159.0/path/posix.ts": "c1f7afe274290ea0b51da07ee205653b2964bd74909a82deb07b69a6cc383aaa",
    "https://deno.land/std@0.159.0/path/separator.ts": "fe1816cb765a8068afb3e8f13ad272351c85cbc739af56dacfc7d93d710fe0f9",
    "https://deno.land/std@0.159.0/path/win32.ts": "bd7549042e37879c68ff2f8576a25950abbfca1d696d41d82c7bca0b7e6f452c",
    "https://deno.land/std@0.161.0/async/abortable.ts": "87aa7230be8360c24ad437212311c9e8d4328854baec27b4c7abb26e85515c06",
    "https://deno.land/std@0.161.0/async/deadline.ts": "48ac998d7564969f3e6ec6b6f9bf0217ebd00239b1b2292feba61272d5dd58d0",
    "https://deno.land/std@0.161.0/async/debounce.ts": "dc8b92d4a4fe7eac32c924f2b8d3e62112530db70cadce27042689d82970b350",
    "https://deno.land/std@0.161.0/async/deferred.ts": "d8fb253ffde2a056e4889ef7e90f3928f28be9f9294b6505773d33f136aab4e6",
    "https://deno.land/std@0.161.0/async/delay.ts": "0419dfc993752849692d1f9647edf13407c7facc3509b099381be99ffbc9d699",
    "https://deno.land/std@0.161.0/async/mod.ts": "dd0a8ed4f3984ffabe2fcca7c9f466b7932d57b1864ffee148a5d5388316db6b",
    "https://deno.land/std@0.161.0/async/mux_async_iterator.ts": "3447b28a2a582224a3d4d3596bccbba6e85040da3b97ed64012f7decce98d093",
    "https://deno.land/std@0.161.0/async/pool.ts": "ef9eb97b388543acbf0ac32647121e4dbe629236899586c4d4311a8770fbb239",
    "https://deno.land/std@0.161.0/async/tee.ts": "9af3a3e7612af75861308b52249e167f5ebc3dcfc8a1a4d45462d96606ee2b70",
    "https://deno.land/std@0.161.0/http/server.ts": "e99c1bee8a3f6571ee4cdeb2966efad465b8f6fe62bec1bdb59c1f007cc4d155",
    "https://deno.land/std@0.163.0/_util/assert.ts": "e94f2eb37cebd7f199952e242c77654e43333c1ac4c5c700e929ea3aa5489f74",
    "https://deno.land/std@0.163.0/_util/os.ts": "8a33345f74990e627b9dfe2de9b040004b08ea5146c7c9e8fe9a29070d193934",
    "https://deno.land/std@0.163.0/path/_constants.ts": "df1db3ffa6dd6d1252cc9617e5d72165cd2483df90e93833e13580687b6083c3",
    "https://deno.land/std@0.163.0/path/_interface.ts": "ee3b431a336b80cf445441109d089b70d87d5e248f4f90ff906820889ecf8d09",
    "https://deno.land/std@0.163.0/path/_util.ts": "d16be2a16e1204b65f9d0dfc54a9bc472cafe5f4a190b3c8471ec2016ccd1677",
    "https://deno.land/std@0.163.0/path/common.ts": "bee563630abd2d97f99d83c96c2fa0cca7cee103e8cb4e7699ec4d5db7bd2633",
    "https://deno.land/std@0.163.0/path/glob.ts": "cb5255638de1048973c3e69e420c77dc04f75755524cb3b2e160fe9277d939ee",
    "https://deno.land/std@0.163.0/path/mod.ts": "56fec03ad0ebd61b6ab39ddb9b0ddb4c4a5c9f2f4f632e09dd37ec9ebfd722ac",
    "https://deno.land/std@0.163.0/path/posix.ts": "6b63de7097e68c8663c84ccedc0fd977656eb134432d818ecd3a4e122638ac24",
    "https://deno.land/std@0.163.0/path/separator.ts": "fe1816cb765a8068afb3e8f13ad272351c85cbc739af56dacfc7d93d710fe0f9",
    "https://deno.land/std@0.163.0/path/win32.ts": "ee8826dce087d31c5c81cd414714e677eb68febc40308de87a2ce4b40e10fb8d",
    "https://deno.land/x/configuration@v0.1.0/config-interface.ts": "be2ae5de956440e00df9eb44a9ed1dd59b01d2dac1ca4dd0e96f71a1f095f87f",
    "https://deno.land/x/denoflate@1.2.1/mod.ts": "f5628e44b80b3d80ed525afa2ba0f12408e3849db817d47a883b801f9ce69dd6",
    "https://deno.land/x/denoflate@1.2.1/pkg/denoflate.js": "b9f9ad9457d3f12f28b1fb35c555f57443427f74decb403113d67364e4f2caf4",
    "https://deno.land/x/denoflate@1.2.1/pkg/denoflate_bg.wasm.js": "d581956245407a2115a3d7e8d85a9641c032940a8e810acbd59ca86afd34d44d",
    "https://deno.land/x/esbuild@v0.14.51/mod.d.ts": "c142324d0383c39de0d7660cd207a7f7f52c7198a13d7d3281c0d636a070f441",
    "https://deno.land/x/esbuild@v0.14.51/mod.js": "7432566c71fac77637822dc230319c7392a2d2fef51204c9d12c956d7093c279",
    "https://deno.land/x/esbuild@v0.14.51/wasm.d.ts": "c142324d0383c39de0d7660cd207a7f7f52c7198a13d7d3281c0d636a070f441",
    "https://deno.land/x/esbuild@v0.14.51/wasm.js": "afc1b6927543b664af60ce452c4929e5dc2bb9a0f4ed47b446a6431847c7598e",
    "https://deno.land/x/esbuild@v0.15.10/mod.d.ts": "12e96a8d05c8e2c5638aa9cb09f24222134d437abb2f3f52de0156adb2270719",
    "https://deno.land/x/esbuild@v0.15.10/mod.js": "b6076f05f58057025ce0eddb404a4da3b7a0e3768c53f6c87959c8c32240e9cd",
    "https://deno.land/x/esbuild@v0.15.10/wasm.d.ts": "12e96a8d05c8e2c5638aa9cb09f24222134d437abb2f3f52de0156adb2270719",
    "https://deno.land/x/esbuild@v0.15.10/wasm.js": "31ed72ba5563efe60f5ea1596e3df657803a5133ff88bbd5db341d98871c6e00",
    "https://deno.land/x/esbuild_deno_loader@0.5.2/deps.ts": "bf83c27b7787b2f245fa0bc0b99f5041aa949c000a81c016cfe828d06b476d37",
    "https://deno.land/x/esbuild_deno_loader@0.5.2/mod.ts": "bc111a68f323dbdb6edec68dd558ab732b27866d2ef304708872d763387b65d7",
    "https://deno.land/x/esbuild_deno_loader@0.5.2/src/deno.ts": "0e83ccabbe2b004389288e38df2031b79eb347df2d139fce9394d8e88a11f259",
    "https://deno.land/x/esbuild_deno_loader@0.5.2/src/native_loader.ts": "343854a566cf510cf25144f7c09fc0c1097780a31830305142a075d12bb697ba",
    "https://deno.land/x/esbuild_deno_loader@0.5.2/src/portable_loader.ts": "35b6c526eed8c2c781a3256b23c30aa7cce69c0ef1d583c15528663287ba18a3",
    "https://deno.land/x/esbuild_deno_loader@0.5.2/src/shared.ts": "b64749cd8c0f6252a11498bd8758ef1220003e46b2c9b68e16da63fd7e92b13a",
    "https://deno.land/x/importmap@0.2.1/_util.ts": "ada9a9618b537e6c0316c048a898352396c882b9f2de38aba18fd3f2950ede89",
    "https://deno.land/x/importmap@0.2.1/mod.ts": "ae3d1cd7eabd18c01a4960d57db471126b020f23b37ef14e1359bbb949227ade",
    "https://denopkg.com/ayoreis/esbuild_deno_loader@main/deps.ts": "807088a88e203dda81a7066380b5a538970b018b1c2ee1e9d614377438fe536f",
    "https://denopkg.com/ayoreis/esbuild_deno_loader@main/mod.ts": "f3ecf23cd1512403ac98a497a76b48119ac6db1671f0b96c3b572670691d4ae9",
    "https://denopkg.com/ayoreis/esbuild_deno_loader@main/src/deno.ts": "0e83ccabbe2b004389288e38df2031b79eb347df2d139fce9394d8e88a11f259",
    "https://denopkg.com/ayoreis/esbuild_deno_loader@main/src/native_loader.ts": "343854a566cf510cf25144f7c09fc0c1097780a31830305142a075d12bb697ba",
    "https://denopkg.com/ayoreis/esbuild_deno_loader@main/src/portable_loader.ts": "35b6c526eed8c2c781a3256b23c30aa7cce69c0ef1d583c15528663287ba18a3",
    "https://denopkg.com/ayoreis/esbuild_deno_loader@main/src/shared.ts": "b64749cd8c0f6252a11498bd8758ef1220003e46b2c9b68e16da63fd7e92b13a",
    "https://denopkg.com/ayoreis/importmap@master/_util.ts": "78937ac9f5d28d2c0f49fd087fe6974291c7bbfe677f1051296325027e4bf2b0",
    "https://denopkg.com/ayoreis/importmap@master/mod.ts": "f34615812902d77c5d700d645e1a9e4abb2b7ea6a2ae7c22097b2a17323fd856",
    "https://esm.sh/error-stack-parser@2.1.4?bundle?dev?sourcemap?pin=v96": "ec90ec3d4eb183805e6f3491ec07c8d600653b6bc5497e41adba33ef0cc5c3ae",
    "https://esm.sh/nanoid@4.0.0": "66a140d614964f038591dbb46292ac162760d16169b0ef1fe16d561fcebbc415",
    "https://esm.sh/path-to-regexp@6.2.1": "ec1cf9326f0db859b76a2d583316665d904cd38bdcab90fee988d67c2d72c46f",
    "https://esm.sh/preact@10.11.2": "eb6c9fd4b4ccfafa5160bb90bfe2901ef81cf3ebde0d3a77bd2a0423c2f56dd8",
    "https://esm.sh/preact@10.11.2/hooks": "dc759275a04afc43f2341d80a49c1b72b724f4a08ef7ce6080b6dcfcd788bd31",
    "https://esm.sh/preact@10.11.2/jsx-runtime": "40654c7e9066221bab024d036ab828d9e9eb7ae0f386ace02d86c0cc8bb22ce0",
    "https://esm.sh/stable/@reggi/preact-async-render-to-string@5.2.7?deps=preact@10.11.2": "3d9f6b276f20bf7c495248ad7c7a55d1456aa36181e1a95e95f8091232315cf9",
    "https://esm.sh/stable/preact@10.11.2/deno/hooks.js": "a9314374b0a2eb6bce8a8e795cd722dc685d70801e9476032c27220250201deb",
    "https://esm.sh/stable/preact@10.11.2/deno/jsx-runtime.js": "53f148753023f36eaba23dfc716db34d3ea879105d19e2d6831965d27736c410",
    "https://esm.sh/stable/preact@10.11.2/deno/preact.mjs": "09292b0f8c3346ba001737122a2d646bc9a5cfafe36b3658a3c25497ec3f2b7f",
    "https://esm.sh/strip-shebang@2.0.0?bundle?dev?sourcemap?pin=v96": "4519f7addc03c53c89639af6328755d1393f4bfb7d41135cf9b55d4d00a6960a",
    "https://esm.sh/sweetalert2@11.7.5": "123dc8fbf10ffe26f2fec51baa40ecfc400ebea2a32356bff08b475c0f2a5aca",
    "https://esm.sh/v118/preact@10.11.2/hooks/src/index.d.ts": "5c29febb624fc25d71cb0e125848c9b711e233337a08f7eacfade38fd4c14cc3",
    "https://esm.sh/v118/preact@10.11.2/jsx-runtime/src/index.d.ts": "e153460ed2b3fe2ad8b93696ecd48fbf73cd628b0b0ea6692b71804a3af69dfd",
    "https://esm.sh/v118/preact@10.11.2/src/index.d.ts": "76842a9d103548261ee001f2aee5fa5cacc8b1b4b4032af537ed84603c8f4a31",
    "https://esm.sh/v118/preact@10.11.2/src/jsx.d.ts": "77ce5bd7324455c9f6dc85bfc3c94b733acb92cc98fdf82e4b1059c8bca7866d",
    "https://esm.sh/v119/@reggi/preact-async-render-to-string@5.2.7/X-ZC9wcmVhY3RAMTAuMTEuMg/deno/preact-async-render-to-string.mjs": "dae1f2cc415e8c5703dc89d65fd9164f3e814bf98c6c4bc374b06ed42ce974f7",
    "https://esm.sh/v119/@reggi/preact-async-render-to-string@5.2.7/X-ZC9wcmVhY3RAMTAuMTEuMg/src/index.d.ts": "3c4f022be48efb195b9b659e2c86a570584483dd02c01577285b8bea0a1b682d",
    "https://esm.sh/v119/error-stack-parser@2.1.4/deno/error-stack-parser.mjs": "2ed078f5c5c825cb23ed262da8b2e29977434907835e77775f6097e5234bd095",
    "https://esm.sh/v119/error-stack-parser@2.1.4/error-stack-parser.d.ts": "ed742b4edcfde7375fe34e009bf695aa524022fc32f6c605b4f2fa87c336dd39",
    "https://esm.sh/v119/nanoid@4.0.0/deno/nanoid.mjs": "25da9c576bad406cfd0eafc83ee3bafdefdb943532f4c050b2c651a8f5a98ac0",
    "https://esm.sh/v119/nanoid@4.0.0/index.d.ts": "a45ee7555d019a67fbe092898d1aef0b1d02a9f6679ab84461ff515b4460d706",
    "https://esm.sh/v119/path-to-regexp@6.2.1/deno/path-to-regexp.mjs": "2ce5858e01ee4a48c232424c38ae8861de1c861ad02fd06aad93373cbe1d4525",
    "https://esm.sh/v119/path-to-regexp@6.2.1/dist/index.d.ts": "6e7936b20cd2022c2a71f9d780e7f87216c19fde5c18448aaff60059a46ae2e7",
    "https://esm.sh/v119/shebang-regex@4.0.0/deno/shebang-regex.mjs": "97577003a7038af1f49c5848534ce8c72fe638bc53b17baac8ef0cca927777eb",
    "https://esm.sh/v119/stackframe@1.3.4/deno/stackframe.mjs": "da1b3f540d9291f230b8d37c2a12a265ebd7134bc356f5d8e813c0f8412f9e95",
    "https://esm.sh/v119/stackframe@1.3.4/stackframe.d.ts": "c9781854fc9f983ea3fcef49fd066341461a0446a66c524e96ae79fb3a6ca965",
    "https://esm.sh/v119/strip-shebang@2.0.0/deno/strip-shebang.mjs": "4f12baf86048fc2e7c1ae13934886e84953066bc67f0eb14bc43c0a08e110c93",
    "https://esm.sh/v119/sweetalert2@11.7.5/deno/sweetalert2.mjs": "3ddefcabe71020ba59e01bc6fd805153174ff4ea0efdc41702b1ffa29ca5f160",
    "https://esm.sh/v119/sweetalert2@11.7.5/sweetalert2.d.ts": "ede9f9b01dc36d46fd9ddf227e1f2dfdb7f132c0f0ab8b09aef1dba3700fa449",
    "https://unpkg.com/htmx.org@1.8.4/dist/ext/disable-element.js": "24ced8090698b58ac5eb1d62e9698bf7fb9a811325549d0480a0fdcf49556d6f"
  }
}
